
Microsoft Visual Studio Solution File, Format Version 12.00
# Visual Studio Version 17
VisualStudioVersion = 17.4.33122.133
MinimumVisualStudioVersion = 10.0.40219.1
Project("{FAE04EC0-301F-11D3-BF4B-00C04F79EFBC}") = "Linq", "Linq.csproj", "{63C8B35B-1F12-4DFB-9944-6B14333AD51E}"
EndProject
Global
	GlobalSection(SolutionConfigurationPlatforms) = preSolution
		Debug|Any CPU = Debug|Any CPU
		Release|Any CPU = Release|Any CPU
	EndGlobalSection
	GlobalSection(ProjectConfigurationPlatforms) = postSolution
		{63C8B35B-1F12-4DFB-9944-6B14333AD51E}.Debug|Any CPU.ActiveCfg = Debug|Any CPU
		{63C8B35B-1F12-4DFB-9944-6B14333AD51E}.Debug|Any CPU.Build.0 = Debug|Any CPU
		{63C8B35B-1F12-4DFB-9944-6B14333AD51E}.Release|Any CPU.ActiveCfg = Release|Any CPU
		{63C8B35B-1F12-4DFB-9944-6B14333AD51E}.Release|Any CPU.Build.0 = Release|Any CPU
	EndGlobalSection
	GlobalSection(SolutionProperties) = preSolution
		HideSolutionNode = FALSE
	EndGlobalSection
	GlobalSection(ExtensibilityGlobals) = postSolution
		SolutionGuid = {64F9FB0C-EDB4-46E8-9C6A-47761B0A8229}
	EndGlobalSection
EndGlobal
