
Microsoft Visual Studio Solution File, Format Version 12.00
# Visual Studio Version 17
VisualStudioVersion = 17.1.32319.34
MinimumVisualStudioVersion = 10.0.40219.1
Project("{FAE04EC0-301F-11D3-BF4B-00C04F79EFBC}") = "034ClasseEstatica", "034ClasseEstatica\034ClasseEstatica.csproj", "{08D444D9-64CF-435B-AEA7-CE8EC525777E}"
EndProject
Global
	GlobalSection(SolutionConfigurationPlatforms) = preSolution
		Debug|Any CPU = Debug|Any CPU
		Release|Any CPU = Release|Any CPU
	EndGlobalSection
	GlobalSection(ProjectConfigurationPlatforms) = postSolution
		{08D444D9-64CF-435B-AEA7-CE8EC525777E}.Debug|Any CPU.ActiveCfg = Debug|Any CPU
		{08D444D9-64CF-435B-AEA7-CE8EC525777E}.Debug|Any CPU.Build.0 = Debug|Any CPU
		{08D444D9-64CF-435B-AEA7-CE8EC525777E}.Release|Any CPU.ActiveCfg = Release|Any CPU
		{08D444D9-64CF-435B-AEA7-CE8EC525777E}.Release|Any CPU.Build.0 = Release|Any CPU
	EndGlobalSection
	GlobalSection(SolutionProperties) = preSolution
		HideSolutionNode = FALSE
	EndGlobalSection
	GlobalSection(ExtensibilityGlobals) = postSolution
		SolutionGuid = {1FE2468D-3FF7-4015-979F-9DC5A4CB5470}
	EndGlobalSection
EndGlobal
