
Microsoft Visual Studio Solution File, Format Version 12.00
# Visual Studio Version 17
VisualStudioVersion = 17.1.32210.238
MinimumVisualStudioVersion = 10.0.40219.1
Project("{FAE04EC0-301F-11D3-BF4B-00C04F79EFBC}") = "PrimeiraAplicacao", "PrimeiraAplicacao\PrimeiraAplicacao.csproj", "{1F5E0F17-D195-496C-9397-2CDFD6775070}"
EndProject
Global
	GlobalSection(SolutionConfigurationPlatforms) = preSolution
		Debug|Any CPU = Debug|Any CPU
		Release|Any CPU = Release|Any CPU
	EndGlobalSection
	GlobalSection(ProjectConfigurationPlatforms) = postSolution
		{1F5E0F17-D195-496C-9397-2CDFD6775070}.Debug|Any CPU.ActiveCfg = Debug|Any CPU
		{1F5E0F17-D195-496C-9397-2CDFD6775070}.Debug|Any CPU.Build.0 = Debug|Any CPU
		{1F5E0F17-D195-496C-9397-2CDFD6775070}.Release|Any CPU.ActiveCfg = Release|Any CPU
		{1F5E0F17-D195-496C-9397-2CDFD6775070}.Release|Any CPU.Build.0 = Release|Any CPU
	EndGlobalSection
	GlobalSection(SolutionProperties) = preSolution
		HideSolutionNode = FALSE
	EndGlobalSection
	GlobalSection(ExtensibilityGlobals) = postSolution
		SolutionGuid = {18CB84E9-A527-425B-98A5-62D45B0288DD}
	EndGlobalSection
EndGlobal
