
Microsoft Visual Studio Solution File, Format Version 12.00
# Visual Studio Version 17
VisualStudioVersion = 17.1.32319.34
MinimumVisualStudioVersion = 10.0.40219.1
Project("{FAE04EC0-301F-11D3-BF4B-00C04F79EFBC}") = "030ClasseParametros", "030ClasseParametros\030ClasseParametros.csproj", "{FAF97DC0-F985-4A4B-AED6-2BC9C769B296}"
EndProject
Global
	GlobalSection(SolutionConfigurationPlatforms) = preSolution
		Debug|Any CPU = Debug|Any CPU
		Release|Any CPU = Release|Any CPU
	EndGlobalSection
	GlobalSection(ProjectConfigurationPlatforms) = postSolution
		{FAF97DC0-F985-4A4B-AED6-2BC9C769B296}.Debug|Any CPU.ActiveCfg = Debug|Any CPU
		{FAF97DC0-F985-4A4B-AED6-2BC9C769B296}.Debug|Any CPU.Build.0 = Debug|Any CPU
		{FAF97DC0-F985-4A4B-AED6-2BC9C769B296}.Release|Any CPU.ActiveCfg = Release|Any CPU
		{FAF97DC0-F985-4A4B-AED6-2BC9C769B296}.Release|Any CPU.Build.0 = Release|Any CPU
	EndGlobalSection
	GlobalSection(SolutionProperties) = preSolution
		HideSolutionNode = FALSE
	EndGlobalSection
	GlobalSection(ExtensibilityGlobals) = postSolution
		SolutionGuid = {01CB22A5-C941-49B7-8101-EF51CBA455CE}
	EndGlobalSection
EndGlobal
