
Microsoft Visual Studio Solution File, Format Version 12.00
# Visual Studio Version 17
VisualStudioVersion = 17.4.33122.133
MinimumVisualStudioVersion = 10.0.40219.1
Project("{FAE04EC0-301F-11D3-BF4B-00C04F79EFBC}") = "conversao", "conversao.csproj", "{620935AF-D74F-4A68-B163-0E812D500986}"
EndProject
Global
	GlobalSection(SolutionConfigurationPlatforms) = preSolution
		Debug|Any CPU = Debug|Any CPU
		Release|Any CPU = Release|Any CPU
	EndGlobalSection
	GlobalSection(ProjectConfigurationPlatforms) = postSolution
		{620935AF-D74F-4A68-B163-0E812D500986}.Debug|Any CPU.ActiveCfg = Debug|Any CPU
		{620935AF-D74F-4A68-B163-0E812D500986}.Debug|Any CPU.Build.0 = Debug|Any CPU
		{620935AF-D74F-4A68-B163-0E812D500986}.Release|Any CPU.ActiveCfg = Release|Any CPU
		{620935AF-D74F-4A68-B163-0E812D500986}.Release|Any CPU.Build.0 = Release|Any CPU
	EndGlobalSection
	GlobalSection(SolutionProperties) = preSolution
		HideSolutionNode = FALSE
	EndGlobalSection
	GlobalSection(ExtensibilityGlobals) = postSolution
		SolutionGuid = {4D263C42-13CC-4CF7-8ECB-8751E0BAECAD}
	EndGlobalSection
EndGlobal
