
Microsoft Visual Studio Solution File, Format Version 12.00
# Visual Studio Version 17
VisualStudioVersion = 17.1.32319.34
MinimumVisualStudioVersion = 10.0.40219.1
Project("{FAE04EC0-301F-11D3-BF4B-00C04F79EFBC}") = "BuscaCep.Mobile.UWP", "BuscaCep.Mobile\BuscaCep.Mobile.UWP\BuscaCep.Mobile.UWP.csproj", "{6E039BCE-97C2-49E9-B22D-41C0AEE3CA7F}"
EndProject
Project("{FAE04EC0-301F-11D3-BF4B-00C04F79EFBC}") = "BuscaCep.Mobile.Android", "BuscaCep.Mobile\BuscaCep.Mobile.Android\BuscaCep.Mobile.Android.csproj", "{752B3DE1-7753-4B34-A52E-9B8973BFD44D}"
EndProject
Project("{FAE04EC0-301F-11D3-BF4B-00C04F79EFBC}") = "BuscaCep.Mobile.iOS", "BuscaCep.Mobile\BuscaCep.Mobile.iOS\BuscaCep.Mobile.iOS.csproj", "{EAE15D9B-5738-4551-B5BB-F42CA7F37B4F}"
EndProject
Project("{FAE04EC0-301F-11D3-BF4B-00C04F79EFBC}") = "BuscaCep.Mobile", "BuscaCep.Mobile\BuscaCep.Mobile\BuscaCep.Mobile.csproj", "{1310A301-235F-4FD7-8A68-5F34253C8A94}"
EndProject
Global
	GlobalSection(SolutionConfigurationPlatforms) = preSolution
		Debug|Any CPU = Debug|Any CPU
		Debug|ARM = Debug|ARM
		Debug|iPhone = Debug|iPhone
		Debug|iPhoneSimulator = Debug|iPhoneSimulator
		Debug|x64 = Debug|x64
		Debug|x86 = Debug|x86
		Release|Any CPU = Release|Any CPU
		Release|ARM = Release|ARM
		Release|iPhone = Release|iPhone
		Release|iPhoneSimulator = Release|iPhoneSimulator
		Release|x64 = Release|x64
		Release|x86 = Release|x86
	EndGlobalSection
	GlobalSection(ProjectConfigurationPlatforms) = postSolution
		{6E039BCE-97C2-49E9-B22D-41C0AEE3CA7F}.Debug|Any CPU.ActiveCfg = Debug|x64
		{6E039BCE-97C2-49E9-B22D-41C0AEE3CA7F}.Debug|Any CPU.Build.0 = Debug|x64
		{6E039BCE-97C2-49E9-B22D-41C0AEE3CA7F}.Debug|Any CPU.Deploy.0 = Debug|x64
		{6E039BCE-97C2-49E9-B22D-41C0AEE3CA7F}.Debug|ARM.ActiveCfg = Debug|ARM
		{6E039BCE-97C2-49E9-B22D-41C0AEE3CA7F}.Debug|ARM.Build.0 = Debug|ARM
		{6E039BCE-97C2-49E9-B22D-41C0AEE3CA7F}.Debug|ARM.Deploy.0 = Debug|ARM
		{6E039BCE-97C2-49E9-B22D-41C0AEE3CA7F}.Debug|iPhone.ActiveCfg = Debug|x64
		{6E039BCE-97C2-49E9-B22D-41C0AEE3CA7F}.Debug|iPhone.Build.0 = Debug|x64
		{6E039BCE-97C2-49E9-B22D-41C0AEE3CA7F}.Debug|iPhone.Deploy.0 = Debug|x64
		{6E039BCE-97C2-49E9-B22D-41C0AEE3CA7F}.Debug|iPhoneSimulator.ActiveCfg = Debug|x64
		{6E039BCE-97C2-49E9-B22D-41C0AEE3CA7F}.Debug|iPhoneSimulator.Build.0 = Debug|x64
		{6E039BCE-97C2-49E9-B22D-41C0AEE3CA7F}.Debug|iPhoneSimulator.Deploy.0 = Debug|x64
		{6E039BCE-97C2-49E9-B22D-41C0AEE3CA7F}.Debug|x64.ActiveCfg = Debug|x64
		{6E039BCE-97C2-49E9-B22D-41C0AEE3CA7F}.Debug|x64.Build.0 = Debug|x64
		{6E039BCE-97C2-49E9-B22D-41C0AEE3CA7F}.Debug|x64.Deploy.0 = Debug|x64
		{6E039BCE-97C2-49E9-B22D-41C0AEE3CA7F}.Debug|x86.ActiveCfg = Debug|x86
		{6E039BCE-97C2-49E9-B22D-41C0AEE3CA7F}.Debug|x86.Build.0 = Debug|x86
		{6E039BCE-97C2-49E9-B22D-41C0AEE3CA7F}.Debug|x86.Deploy.0 = Debug|x86
		{6E039BCE-97C2-49E9-B22D-41C0AEE3CA7F}.Release|Any CPU.ActiveCfg = Release|x64
		{6E039BCE-97C2-49E9-B22D-41C0AEE3CA7F}.Release|Any CPU.Build.0 = Release|x64
		{6E039BCE-97C2-49E9-B22D-41C0AEE3CA7F}.Release|Any CPU.Deploy.0 = Release|x64
		{6E039BCE-97C2-49E9-B22D-41C0AEE3CA7F}.Release|ARM.ActiveCfg = Release|ARM
		{6E039BCE-97C2-49E9-B22D-41C0AEE3CA7F}.Release|ARM.Build.0 = Release|ARM
		{6E039BCE-97C2-49E9-B22D-41C0AEE3CA7F}.Release|ARM.Deploy.0 = Release|ARM
		{6E039BCE-97C2-49E9-B22D-41C0AEE3CA7F}.Release|iPhone.ActiveCfg = Release|x64
		{6E039BCE-97C2-49E9-B22D-41C0AEE3CA7F}.Release|iPhone.Build.0 = Release|x64
		{6E039BCE-97C2-49E9-B22D-41C0AEE3CA7F}.Release|iPhone.Deploy.0 = Release|x64
		{6E039BCE-97C2-49E9-B22D-41C0AEE3CA7F}.Release|iPhoneSimulator.ActiveCfg = Release|x64
		{6E039BCE-97C2-49E9-B22D-41C0AEE3CA7F}.Release|iPhoneSimulator.Build.0 = Release|x64
		{6E039BCE-97C2-49E9-B22D-41C0AEE3CA7F}.Release|iPhoneSimulator.Deploy.0 = Release|x64
		{6E039BCE-97C2-49E9-B22D-41C0AEE3CA7F}.Release|x64.ActiveCfg = Release|x64
		{6E039BCE-97C2-49E9-B22D-41C0AEE3CA7F}.Release|x64.Build.0 = Release|x64
		{6E039BCE-97C2-49E9-B22D-41C0AEE3CA7F}.Release|x64.Deploy.0 = Release|x64
		{6E039BCE-97C2-49E9-B22D-41C0AEE3CA7F}.Release|x86.ActiveCfg = Release|x86
		{6E039BCE-97C2-49E9-B22D-41C0AEE3CA7F}.Release|x86.Build.0 = Release|x86
		{6E039BCE-97C2-49E9-B22D-41C0AEE3CA7F}.Release|x86.Deploy.0 = Release|x86
		{752B3DE1-7753-4B34-A52E-9B8973BFD44D}.Debug|Any CPU.ActiveCfg = Debug|Any CPU
		{752B3DE1-7753-4B34-A52E-9B8973BFD44D}.Debug|Any CPU.Build.0 = Debug|Any CPU
		{752B3DE1-7753-4B34-A52E-9B8973BFD44D}.Debug|Any CPU.Deploy.0 = Debug|Any CPU
		{752B3DE1-7753-4B34-A52E-9B8973BFD44D}.Debug|ARM.ActiveCfg = Debug|Any CPU
		{752B3DE1-7753-4B34-A52E-9B8973BFD44D}.Debug|ARM.Build.0 = Debug|Any CPU
		{752B3DE1-7753-4B34-A52E-9B8973BFD44D}.Debug|ARM.Deploy.0 = Debug|Any CPU
		{752B3DE1-7753-4B34-A52E-9B8973BFD44D}.Debug|iPhone.ActiveCfg = Debug|Any CPU
		{752B3DE1-7753-4B34-A52E-9B8973BFD44D}.Debug|iPhone.Build.0 = Debug|Any CPU
		{752B3DE1-7753-4B34-A52E-9B8973BFD44D}.Debug|iPhone.Deploy.0 = Debug|Any CPU
		{752B3DE1-7753-4B34-A52E-9B8973BFD44D}.Debug|iPhoneSimulator.ActiveCfg = Debug|Any CPU
		{752B3DE1-7753-4B34-A52E-9B8973BFD44D}.Debug|iPhoneSimulator.Build.0 = Debug|Any CPU
		{752B3DE1-7753-4B34-A52E-9B8973BFD44D}.Debug|iPhoneSimulator.Deploy.0 = Debug|Any CPU
		{752B3DE1-7753-4B34-A52E-9B8973BFD44D}.Debug|x64.ActiveCfg = Debug|Any CPU
		{752B3DE1-7753-4B34-A52E-9B8973BFD44D}.Debug|x64.Build.0 = Debug|Any CPU
		{752B3DE1-7753-4B34-A52E-9B8973BFD44D}.Debug|x64.Deploy.0 = Debug|Any CPU
		{752B3DE1-7753-4B34-A52E-9B8973BFD44D}.Debug|x86.ActiveCfg = Debug|Any CPU
		{752B3DE1-7753-4B34-A52E-9B8973BFD44D}.Debug|x86.Build.0 = Debug|Any CPU
		{752B3DE1-7753-4B34-A52E-9B8973BFD44D}.Debug|x86.Deploy.0 = Debug|Any CPU
		{752B3DE1-7753-4B34-A52E-9B8973BFD44D}.Release|Any CPU.ActiveCfg = Release|Any CPU
		{752B3DE1-7753-4B34-A52E-9B8973BFD44D}.Release|Any CPU.Build.0 = Release|Any CPU
		{752B3DE1-7753-4B34-A52E-9B8973BFD44D}.Release|Any CPU.Deploy.0 = Release|Any CPU
		{752B3DE1-7753-4B34-A52E-9B8973BFD44D}.Release|ARM.ActiveCfg = Release|Any CPU
		{752B3DE1-7753-4B34-A52E-9B8973BFD44D}.Release|ARM.Build.0 = Release|Any CPU
		{752B3DE1-7753-4B34-A52E-9B8973BFD44D}.Release|ARM.Deploy.0 = Release|Any CPU
		{752B3DE1-7753-4B34-A52E-9B8973BFD44D}.Release|iPhone.ActiveCfg = Release|Any CPU
		{752B3DE1-7753-4B34-A52E-9B8973BFD44D}.Release|iPhone.Build.0 = Release|Any CPU
		{752B3DE1-7753-4B34-A52E-9B8973BFD44D}.Release|iPhone.Deploy.0 = Release|Any CPU
		{752B3DE1-7753-4B34-A52E-9B8973BFD44D}.Release|iPhoneSimulator.ActiveCfg = Release|Any CPU
		{752B3DE1-7753-4B34-A52E-9B8973BFD44D}.Release|iPhoneSimulator.Build.0 = Release|Any CPU
		{752B3DE1-7753-4B34-A52E-9B8973BFD44D}.Release|iPhoneSimulator.Deploy.0 = Release|Any CPU
		{752B3DE1-7753-4B34-A52E-9B8973BFD44D}.Release|x64.ActiveCfg = Release|Any CPU
		{752B3DE1-7753-4B34-A52E-9B8973BFD44D}.Release|x64.Build.0 = Release|Any CPU
		{752B3DE1-7753-4B34-A52E-9B8973BFD44D}.Release|x64.Deploy.0 = Release|Any CPU
		{752B3DE1-7753-4B34-A52E-9B8973BFD44D}.Release|x86.ActiveCfg = Release|Any CPU
		{752B3DE1-7753-4B34-A52E-9B8973BFD44D}.Release|x86.Build.0 = Release|Any CPU
		{752B3DE1-7753-4B34-A52E-9B8973BFD44D}.Release|x86.Deploy.0 = Release|Any CPU
		{EAE15D9B-5738-4551-B5BB-F42CA7F37B4F}.Debug|Any CPU.ActiveCfg = Debug|iPhoneSimulator
		{EAE15D9B-5738-4551-B5BB-F42CA7F37B4F}.Debug|Any CPU.Build.0 = Debug|iPhoneSimulator
		{EAE15D9B-5738-4551-B5BB-F42CA7F37B4F}.Debug|Any CPU.Deploy.0 = Debug|iPhoneSimulator
		{EAE15D9B-5738-4551-B5BB-F42CA7F37B4F}.Debug|ARM.ActiveCfg = Debug|iPhoneSimulator
		{EAE15D9B-5738-4551-B5BB-F42CA7F37B4F}.Debug|ARM.Build.0 = Debug|iPhoneSimulator
		{EAE15D9B-5738-4551-B5BB-F42CA7F37B4F}.Debug|ARM.Deploy.0 = Debug|iPhoneSimulator
		{EAE15D9B-5738-4551-B5BB-F42CA7F37B4F}.Debug|iPhone.ActiveCfg = Debug|iPhone
		{EAE15D9B-5738-4551-B5BB-F42CA7F37B4F}.Debug|iPhone.Build.0 = Debug|iPhone
		{EAE15D9B-5738-4551-B5BB-F42CA7F37B4F}.Debug|iPhone.Deploy.0 = Debug|iPhone
		{EAE15D9B-5738-4551-B5BB-F42CA7F37B4F}.Debug|iPhoneSimulator.ActiveCfg = Debug|iPhoneSimulator
		{EAE15D9B-5738-4551-B5BB-F42CA7F37B4F}.Debug|iPhoneSimulator.Build.0 = Debug|iPhoneSimulator
		{EAE15D9B-5738-4551-B5BB-F42CA7F37B4F}.Debug|iPhoneSimulator.Deploy.0 = Debug|iPhoneSimulator
		{EAE15D9B-5738-4551-B5BB-F42CA7F37B4F}.Debug|x64.ActiveCfg = Debug|iPhone
		{EAE15D9B-5738-4551-B5BB-F42CA7F37B4F}.Debug|x64.Build.0 = Debug|iPhone
		{EAE15D9B-5738-4551-B5BB-F42CA7F37B4F}.Debug|x64.Deploy.0 = Debug|iPhone
		{EAE15D9B-5738-4551-B5BB-F42CA7F37B4F}.Debug|x86.ActiveCfg = Debug|iPhoneSimulator
		{EAE15D9B-5738-4551-B5BB-F42CA7F37B4F}.Debug|x86.Build.0 = Debug|iPhoneSimulator
		{EAE15D9B-5738-4551-B5BB-F42CA7F37B4F}.Debug|x86.Deploy.0 = Debug|iPhoneSimulator
		{EAE15D9B-5738-4551-B5BB-F42CA7F37B4F}.Release|Any CPU.ActiveCfg = Release|iPhoneSimulator
		{EAE15D9B-5738-4551-B5BB-F42CA7F37B4F}.Release|Any CPU.Build.0 = Release|iPhoneSimulator
		{EAE15D9B-5738-4551-B5BB-F42CA7F37B4F}.Release|Any CPU.Deploy.0 = Release|iPhoneSimulator
		{EAE15D9B-5738-4551-B5BB-F42CA7F37B4F}.Release|ARM.ActiveCfg = Release|iPhoneSimulator
		{EAE15D9B-5738-4551-B5BB-F42CA7F37B4F}.Release|ARM.Build.0 = Release|iPhoneSimulator
		{EAE15D9B-5738-4551-B5BB-F42CA7F37B4F}.Release|ARM.Deploy.0 = Release|iPhoneSimulator
		{EAE15D9B-5738-4551-B5BB-F42CA7F37B4F}.Release|iPhone.ActiveCfg = Release|iPhone
		{EAE15D9B-5738-4551-B5BB-F42CA7F37B4F}.Release|iPhone.Build.0 = Release|iPhone
		{EAE15D9B-5738-4551-B5BB-F42CA7F37B4F}.Release|iPhone.Deploy.0 = Release|iPhone
		{EAE15D9B-5738-4551-B5BB-F42CA7F37B4F}.Release|iPhoneSimulator.ActiveCfg = Release|iPhoneSimulator
		{EAE15D9B-5738-4551-B5BB-F42CA7F37B4F}.Release|iPhoneSimulator.Build.0 = Release|iPhoneSimulator
		{EAE15D9B-5738-4551-B5BB-F42CA7F37B4F}.Release|iPhoneSimulator.Deploy.0 = Release|iPhoneSimulator
		{EAE15D9B-5738-4551-B5BB-F42CA7F37B4F}.Release|x64.ActiveCfg = Release|iPhoneSimulator
		{EAE15D9B-5738-4551-B5BB-F42CA7F37B4F}.Release|x64.Build.0 = Release|iPhoneSimulator
		{EAE15D9B-5738-4551-B5BB-F42CA7F37B4F}.Release|x64.Deploy.0 = Release|iPhoneSimulator
		{EAE15D9B-5738-4551-B5BB-F42CA7F37B4F}.Release|x86.ActiveCfg = Release|iPhoneSimulator
		{EAE15D9B-5738-4551-B5BB-F42CA7F37B4F}.Release|x86.Build.0 = Release|iPhoneSimulator
		{EAE15D9B-5738-4551-B5BB-F42CA7F37B4F}.Release|x86.Deploy.0 = Release|iPhoneSimulator
		{1310A301-235F-4FD7-8A68-5F34253C8A94}.Debug|Any CPU.ActiveCfg = Debug|Any CPU
		{1310A301-235F-4FD7-8A68-5F34253C8A94}.Debug|Any CPU.Build.0 = Debug|Any CPU
		{1310A301-235F-4FD7-8A68-5F34253C8A94}.Debug|Any CPU.Deploy.0 = Debug|Any CPU
		{1310A301-235F-4FD7-8A68-5F34253C8A94}.Debug|ARM.ActiveCfg = Debug|Any CPU
		{1310A301-235F-4FD7-8A68-5F34253C8A94}.Debug|ARM.Build.0 = Debug|Any CPU
		{1310A301-235F-4FD7-8A68-5F34253C8A94}.Debug|ARM.Deploy.0 = Debug|Any CPU
		{1310A301-235F-4FD7-8A68-5F34253C8A94}.Debug|iPhone.ActiveCfg = Debug|Any CPU
		{1310A301-235F-4FD7-8A68-5F34253C8A94}.Debug|iPhone.Build.0 = Debug|Any CPU
		{1310A301-235F-4FD7-8A68-5F34253C8A94}.Debug|iPhone.Deploy.0 = Debug|Any CPU
		{1310A301-235F-4FD7-8A68-5F34253C8A94}.Debug|iPhoneSimulator.ActiveCfg = Debug|Any CPU
		{1310A301-235F-4FD7-8A68-5F34253C8A94}.Debug|iPhoneSimulator.Build.0 = Debug|Any CPU
		{1310A301-235F-4FD7-8A68-5F34253C8A94}.Debug|iPhoneSimulator.Deploy.0 = Debug|Any CPU
		{1310A301-235F-4FD7-8A68-5F34253C8A94}.Debug|x64.ActiveCfg = Debug|Any CPU
		{1310A301-235F-4FD7-8A68-5F34253C8A94}.Debug|x64.Build.0 = Debug|Any CPU
		{1310A301-235F-4FD7-8A68-5F34253C8A94}.Debug|x64.Deploy.0 = Debug|Any CPU
		{1310A301-235F-4FD7-8A68-5F34253C8A94}.Debug|x86.ActiveCfg = Debug|Any CPU
		{1310A301-235F-4FD7-8A68-5F34253C8A94}.Debug|x86.Build.0 = Debug|Any CPU
		{1310A301-235F-4FD7-8A68-5F34253C8A94}.Debug|x86.Deploy.0 = Debug|Any CPU
		{1310A301-235F-4FD7-8A68-5F34253C8A94}.Release|Any CPU.ActiveCfg = Release|Any CPU
		{1310A301-235F-4FD7-8A68-5F34253C8A94}.Release|Any CPU.Build.0 = Release|Any CPU
		{1310A301-235F-4FD7-8A68-5F34253C8A94}.Release|Any CPU.Deploy.0 = Release|Any CPU
		{1310A301-235F-4FD7-8A68-5F34253C8A94}.Release|ARM.ActiveCfg = Release|Any CPU
		{1310A301-235F-4FD7-8A68-5F34253C8A94}.Release|ARM.Build.0 = Release|Any CPU
		{1310A301-235F-4FD7-8A68-5F34253C8A94}.Release|ARM.Deploy.0 = Release|Any CPU
		{1310A301-235F-4FD7-8A68-5F34253C8A94}.Release|iPhone.ActiveCfg = Release|Any CPU
		{1310A301-235F-4FD7-8A68-5F34253C8A94}.Release|iPhone.Build.0 = Release|Any CPU
		{1310A301-235F-4FD7-8A68-5F34253C8A94}.Release|iPhone.Deploy.0 = Release|Any CPU
		{1310A301-235F-4FD7-8A68-5F34253C8A94}.Release|iPhoneSimulator.ActiveCfg = Release|Any CPU
		{1310A301-235F-4FD7-8A68-5F34253C8A94}.Release|iPhoneSimulator.Build.0 = Release|Any CPU
		{1310A301-235F-4FD7-8A68-5F34253C8A94}.Release|iPhoneSimulator.Deploy.0 = Release|Any CPU
		{1310A301-235F-4FD7-8A68-5F34253C8A94}.Release|x64.ActiveCfg = Release|Any CPU
		{1310A301-235F-4FD7-8A68-5F34253C8A94}.Release|x64.Build.0 = Release|Any CPU
		{1310A301-235F-4FD7-8A68-5F34253C8A94}.Release|x64.Deploy.0 = Release|Any CPU
		{1310A301-235F-4FD7-8A68-5F34253C8A94}.Release|x86.ActiveCfg = Release|Any CPU
		{1310A301-235F-4FD7-8A68-5F34253C8A94}.Release|x86.Build.0 = Release|Any CPU
		{1310A301-235F-4FD7-8A68-5F34253C8A94}.Release|x86.Deploy.0 = Release|Any CPU
	EndGlobalSection
	GlobalSection(SolutionProperties) = preSolution
		HideSolutionNode = FALSE
	EndGlobalSection
	GlobalSection(ExtensibilityGlobals) = postSolution
		SolutionGuid = {C0F60FA0-8CD9-4947-B20A-A066D4E28DCA}
	EndGlobalSection
EndGlobal
