
Microsoft Visual Studio Solution File, Format Version 12.00
# Visual Studio Version 16
VisualStudioVersion = 16.0.29920.165
MinimumVisualStudioVersion = 10.0.40219.1
Project("{FAE04EC0-301F-11D3-BF4B-00C04F79EFBC}") = "ProjetoImagem", "ProjetoImagem\ProjetoImagem.csproj", "{32EF8405-D23D-4596-8986-26DB8299443D}"
EndProject
Global
	GlobalSection(SolutionConfigurationPlatforms) = preSolution
		Debug|Any CPU = Debug|Any CPU
		Release|Any CPU = Release|Any CPU
	EndGlobalSection
	GlobalSection(ProjectConfigurationPlatforms) = postSolution
		{32EF8405-D23D-4596-8986-26DB8299443D}.Debug|Any CPU.ActiveCfg = Debug|Any CPU
		{32EF8405-D23D-4596-8986-26DB8299443D}.Debug|Any CPU.Build.0 = Debug|Any CPU
		{32EF8405-D23D-4596-8986-26DB8299443D}.Release|Any CPU.ActiveCfg = Release|Any CPU
		{32EF8405-D23D-4596-8986-26DB8299443D}.Release|Any CPU.Build.0 = Release|Any CPU
	EndGlobalSection
	GlobalSection(SolutionProperties) = preSolution
		HideSolutionNode = FALSE
	EndGlobalSection
	GlobalSection(ExtensibilityGlobals) = postSolution
		SolutionGuid = {853D138E-E6CC-497D-9FD5-3F337838BCDB}
	EndGlobalSection
EndGlobal
