
Microsoft Visual Studio Solution File, Format Version 12.00
# Visual Studio Version 17
VisualStudioVersion = 17.4.33122.133
MinimumVisualStudioVersion = 10.0.40219.1
Project("{FAE04EC0-301F-11D3-BF4B-00C04F79EFBC}") = "cores", "cores.csproj", "{C229FA44-3986-4A97-AE11-E13DA47CD93D}"
EndProject
Global
	GlobalSection(SolutionConfigurationPlatforms) = preSolution
		Debug|Any CPU = Debug|Any CPU
		Release|Any CPU = Release|Any CPU
	EndGlobalSection
	GlobalSection(ProjectConfigurationPlatforms) = postSolution
		{C229FA44-3986-4A97-AE11-E13DA47CD93D}.Debug|Any CPU.ActiveCfg = Debug|Any CPU
		{C229FA44-3986-4A97-AE11-E13DA47CD93D}.Debug|Any CPU.Build.0 = Debug|Any CPU
		{C229FA44-3986-4A97-AE11-E13DA47CD93D}.Release|Any CPU.ActiveCfg = Release|Any CPU
		{C229FA44-3986-4A97-AE11-E13DA47CD93D}.Release|Any CPU.Build.0 = Release|Any CPU
	EndGlobalSection
	GlobalSection(SolutionProperties) = preSolution
		HideSolutionNode = FALSE
	EndGlobalSection
	GlobalSection(ExtensibilityGlobals) = postSolution
		SolutionGuid = {FF154754-8583-4BD5-B836-8CF4B3CA2378}
	EndGlobalSection
EndGlobal
